<?xml version="1.0" encoding="utf-8"?>
<Project ToolsVersion="4.0" xmlns="http://schemas.microsoft.com/developer/msbuild/2003">
  <ItemGroup>
    <ClCompile Include="..\HansoftSDK\HPMSdkCpp.cpp" />
    <ClCompile Include="HansoftTCMExtensionClientPlugin.cpp" />
    <ClCompile Include="TCMTestCycleEventHandler.cpp">
      <Filter>Event Handlers</Filter>
    </ClCompile>
    <ClCompile Include="TCMRequirementsEventHandler.cpp">
      <Filter>Event Handlers</Filter>
    </ClCompile>
  </ItemGroup>
  <ItemGroup>
    <ClInclude Include="..\HansoftSDK\HPMSdkCpp.h" />
    <ClInclude Include="TCMTestCycleEventHandler.h">
      <Filter>Event Handlers</Filter>
    </ClInclude>
    <ClInclude Include="TCMEventHandler.h">
      <Filter>Event Handlers</Filter>
    </ClInclude>
    <ClInclude Include="TCMRequirementsEventHandler.h">
      <Filter>Event Handlers</Filter>
    </ClInclude>
  </ItemGroup>
  <ItemGroup>
    <None Include="LICENSE.md" />
    <None Include="README.md" />
  </ItemGroup>
  <ItemGroup>
    <Filter Include="Event Handlers">
      <UniqueIdentifier>{888cf42f-1592-4202-8818-8bc714fceeb8}</UniqueIdentifier>
    </Filter>
  </ItemGroup>
</Project>